
Microsoft Visual Studio Solution File, Format Version 12.00
# Visual Studio Version 17
VisualStudioVersion = 17.2.32602.215
MinimumVisualStudioVersion = 10.0.40219.1
Project("{FAE04EC0-301F-11D3-BF4B-00C04F79EFBC}") = "ContosoCraftsWebsite", "ContosoCraftsWebsite\ContosoCraftsWebsite.csproj", "{03B121D0-574E-471F-9996-B3432258D712}"
EndProject
Global
	GlobalSection(SolutionConfigurationPlatforms) = preSolution
		Debug|Any CPU = Debug|Any CPU
		Release|Any CPU = Release|Any CPU
	EndGlobalSection
	GlobalSection(ProjectConfigurationPlatforms) = postSolution
		{03B121D0-574E-471F-9996-B3432258D712}.Debug|Any CPU.ActiveCfg = Debug|Any CPU
		{03B121D0-574E-471F-9996-B3432258D712}.Debug|Any CPU.Build.0 = Debug|Any CPU
		{03B121D0-574E-471F-9996-B3432258D712}.Release|Any CPU.ActiveCfg = Release|Any CPU
		{03B121D0-574E-471F-9996-B3432258D712}.Release|Any CPU.Build.0 = Release|Any CPU
	EndGlobalSection
	GlobalSection(SolutionProperties) = preSolution
		HideSolutionNode = FALSE
	EndGlobalSection
	GlobalSection(ExtensibilityGlobals) = postSolution
		SolutionGuid = {C09C818B-64E4-42D8-BEC1-D6DEA472BBDD}
	EndGlobalSection
EndGlobal
